{
	"name": "@egjs/ngx-view360",
	"version": "4.0.0",
	"lockfileVersion": 2,
	"requires": true,
	"packages": {
		"": {
			"name": "@egjs/ngx-view360",
			"version": "4.0.0",
			"license": "MIT",
			"dependencies": {
				"@egjs/view360": "~3.6.4"
			},
			"devDependencies": {
				"@angular/common": "~10.0.0",
				"@angular/core": "~10.0.0"
			},
			"peerDependencies": {
				"@angular/common": ">=10.0.0",
				"@angular/core": ">=10.0.0"
			}
		},
		"node_modules/@angular/common": {
			"version": "10.0.14",
			"resolved": "https://registry.npmjs.org/@angular/common/-/common-10.0.14.tgz",
			"integrity": "sha512-EOAuaMt2HwJF3DtIJ/ksHtnF8Pqh5K2rWISYLEs9R3WNaSGn74kbCODAT4pNhI8P22Ykl3H4FmQUgnDZ3uDAUg==",
			"dev": true,
			"dependencies": {
				"tslib": "^2.0.0"
			},
			"peerDependencies": {
				"@angular/core": "10.0.14",
				"rxjs": "^6.5.3"
			}
		},
		"node_modules/@angular/core": {
			"version": "10.0.14",
			"resolved": "https://registry.npmjs.org/@angular/core/-/core-10.0.14.tgz",
			"integrity": "sha512-m+c9g6fA/gE+6K7It01b6r8TEmbuFjUZajQ9gG/pzist0mTBcqfvn0O4h5X+ebnSgw/bbnnp+4PbaXEi1pOWZQ==",
			"dev": true,
			"dependencies": {
				"tslib": "^2.0.0"
			},
			"peerDependencies": {
				"rxjs": "^6.5.3",
				"zone.js": "~0.10.3"
			}
		},
		"node_modules/@cfcs/core": {
			"version": "0.0.4",
			"resolved": "https://registry.npmjs.org/@cfcs/core/-/core-0.0.4.tgz",
			"integrity": "sha512-Y/BD2l+XpGtx2LT/ehdqUyvJ6OpI3F6yAQMNKj1t57WhzQX1AS6uEQRLmgPWd75fzsyV7u4Aia/+5KeCqgHuNg==",
			"dependencies": {
				"@egjs/component": "^3.0.2"
			}
		},
		"node_modules/@egjs/agent": {
			"version": "2.4.3",
			"resolved": "https://registry.npmjs.org/@egjs/agent/-/agent-2.4.3.tgz",
			"integrity": "sha512-XvksSENe8wPeFlEVouvrOhKdx8HMniJ3by7sro2uPF3M6QqWwjzVcmvwoPtdjiX8O1lfRoLhQMp1a7NGlVTdIA=="
		},
		"node_modules/@egjs/axes": {
			"version": "3.8.3",
			"resolved": "https://registry.npmjs.org/@egjs/axes/-/axes-3.8.3.tgz",
			"integrity": "sha512-T0+71+glVCxSRnJim7smdGLrmsGmEuoJ62RXBMy7lpsePbXlKmtnFFKgr1tkJJyghJXW3zZNHefCC4nrzEjfEg==",
			"dependencies": {
				"@cfcs/core": "^0.0.4",
				"@egjs/agent": "^2.2.1",
				"@egjs/component": "^3.0.1"
			}
		},
		"node_modules/@egjs/component": {
			"version": "3.0.2",
			"resolved": "https://registry.npmjs.org/@egjs/component/-/component-3.0.2.tgz",
			"integrity": "sha512-Mze3mwEE19+dERrimg0JVLtpOHG4AC+LOuKqvF4qGZjn0k23ZbNI7b/gy1LFR63LigC2b8k70aDjy8xoT+WNPA=="
		},
		"node_modules/@egjs/imready": {
			"version": "1.1.4",
			"resolved": "https://registry.npmjs.org/@egjs/imready/-/imready-1.1.4.tgz",
			"integrity": "sha512-LyAyriK4syI3URtZtTHE68sfQRBJAcdhzJL1m2N+6QHGwo+M0YNC1HwcLx/ze15MDfv+gGXfQrlF6jPHzK+V4A==",
			"dependencies": {
				"@egjs/component": "^2.2.2"
			}
		},
		"node_modules/@egjs/imready/node_modules/@egjs/component": {
			"version": "2.2.2",
			"resolved": "https://registry.npmjs.org/@egjs/component/-/component-2.2.2.tgz",
			"integrity": "sha512-2m6nu6/Mbs6VnoT4IHFGUBX6V82Zp01zDmlWpIJ3fMatHpe7BB1qUYFgMmSWGY0uOvOl4plvflwbCRUAGMfwWQ=="
		},
		"node_modules/@egjs/view360": {
			"version": "3.6.4",
			"resolved": "https://registry.npmjs.org/@egjs/view360/-/view360-3.6.4.tgz",
			"integrity": "sha512-b+yShl7/MJpr+muJwU+zTlapeAkXhPdN5KgPw1xD818G3a+inticFTCzD9dclBBfORUJv2E7HdGWWvkMZRPorg==",
			"dependencies": {
				"@egjs/axes": "^3.8.3",
				"@egjs/component": "^3.0.1",
				"@egjs/imready": "^1.1.2",
				"gl-matrix": "^3.3.0",
				"promise-polyfill": "^8.2.0"
			}
		},
		"node_modules/gl-matrix": {
			"version": "3.4.3",
			"resolved": "https://registry.npmjs.org/gl-matrix/-/gl-matrix-3.4.3.tgz",
			"integrity": "sha512-wcCp8vu8FT22BnvKVPjXa/ICBWRq/zjFfdofZy1WSpQZpphblv12/bOQLBC1rMM7SGOFS9ltVmKOHil5+Ml7gA=="
		},
		"node_modules/promise-polyfill": {
			"version": "8.2.0",
			"resolved": "https://registry.npmjs.org/promise-polyfill/-/promise-polyfill-8.2.0.tgz",
			"integrity": "sha512-k/TC0mIcPVF6yHhUvwAp7cvL6I2fFV7TzF1DuGPI8mBh4QQazf36xCKEHKTZKRysEoTQoQdKyP25J8MPJp7j5g=="
		},
		"node_modules/tslib": {
			"version": "2.3.1",
			"resolved": "https://registry.npmjs.org/tslib/-/tslib-2.3.1.tgz",
			"integrity": "sha512-77EbyPPpMz+FRFRuAFlWMtmgUWGe9UOG2Z25NqCwiIjRhOf5iKGuzSe5P2w1laq+FkRy4p+PCuVkJSGkzTEKVw==",
			"dev": true
		}
	},
	"dependencies": {
		"@angular/common": {
			"version": "10.0.14",
			"resolved": "https://registry.npmjs.org/@angular/common/-/common-10.0.14.tgz",
			"integrity": "sha512-EOAuaMt2HwJF3DtIJ/ksHtnF8Pqh5K2rWISYLEs9R3WNaSGn74kbCODAT4pNhI8P22Ykl3H4FmQUgnDZ3uDAUg==",
			"dev": true,
			"requires": {
				"tslib": "^2.0.0"
			}
		},
		"@angular/core": {
			"version": "10.0.14",
			"resolved": "https://registry.npmjs.org/@angular/core/-/core-10.0.14.tgz",
			"integrity": "sha512-m+c9g6fA/gE+6K7It01b6r8TEmbuFjUZajQ9gG/pzist0mTBcqfvn0O4h5X+ebnSgw/bbnnp+4PbaXEi1pOWZQ==",
			"dev": true,
			"requires": {
				"tslib": "^2.0.0"
			}
		},
		"@cfcs/core": {
			"version": "0.0.4",
			"resolved": "https://registry.npmjs.org/@cfcs/core/-/core-0.0.4.tgz",
			"integrity": "sha512-Y/BD2l+XpGtx2LT/ehdqUyvJ6OpI3F6yAQMNKj1t57WhzQX1AS6uEQRLmgPWd75fzsyV7u4Aia/+5KeCqgHuNg==",
			"requires": {
				"@egjs/component": "^3.0.2"
			}
		},
		"@egjs/agent": {
			"version": "2.4.3",
			"resolved": "https://registry.npmjs.org/@egjs/agent/-/agent-2.4.3.tgz",
			"integrity": "sha512-XvksSENe8wPeFlEVouvrOhKdx8HMniJ3by7sro2uPF3M6QqWwjzVcmvwoPtdjiX8O1lfRoLhQMp1a7NGlVTdIA=="
		},
		"@egjs/axes": {
			"version": "3.8.3",
			"resolved": "https://registry.npmjs.org/@egjs/axes/-/axes-3.8.3.tgz",
			"integrity": "sha512-T0+71+glVCxSRnJim7smdGLrmsGmEuoJ62RXBMy7lpsePbXlKmtnFFKgr1tkJJyghJXW3zZNHefCC4nrzEjfEg==",
			"requires": {
				"@cfcs/core": "^0.0.4",
				"@egjs/agent": "^2.2.1",
				"@egjs/component": "^3.0.1"
			}
		},
		"@egjs/component": {
			"version": "3.0.2",
			"resolved": "https://registry.npmjs.org/@egjs/component/-/component-3.0.2.tgz",
			"integrity": "sha512-Mze3mwEE19+dERrimg0JVLtpOHG4AC+LOuKqvF4qGZjn0k23ZbNI7b/gy1LFR63LigC2b8k70aDjy8xoT+WNPA=="
		},
		"@egjs/imready": {
			"version": "1.1.4",
			"resolved": "https://registry.npmjs.org/@egjs/imready/-/imready-1.1.4.tgz",
			"integrity": "sha512-LyAyriK4syI3URtZtTHE68sfQRBJAcdhzJL1m2N+6QHGwo+M0YNC1HwcLx/ze15MDfv+gGXfQrlF6jPHzK+V4A==",
			"requires": {
				"@egjs/component": "^2.2.2"
			},
			"dependencies": {
				"@egjs/component": {
					"version": "2.2.2",
					"resolved": "https://registry.npmjs.org/@egjs/component/-/component-2.2.2.tgz",
					"integrity": "sha512-2m6nu6/Mbs6VnoT4IHFGUBX6V82Zp01zDmlWpIJ3fMatHpe7BB1qUYFgMmSWGY0uOvOl4plvflwbCRUAGMfwWQ=="
				}
			}
		},
		"@egjs/view360": {
			"version": "3.6.4",
			"resolved": "https://registry.npmjs.org/@egjs/view360/-/view360-3.6.4.tgz",
			"integrity": "sha512-b+yShl7/MJpr+muJwU+zTlapeAkXhPdN5KgPw1xD818G3a+inticFTCzD9dclBBfORUJv2E7HdGWWvkMZRPorg==",
			"requires": {
				"@egjs/axes": "^3.8.3",
				"@egjs/component": "^3.0.1",
				"@egjs/imready": "^1.1.2",
				"gl-matrix": "^3.3.0",
				"promise-polyfill": "^8.2.0"
			}
		},
		"gl-matrix": {
			"version": "3.4.3",
			"resolved": "https://registry.npmjs.org/gl-matrix/-/gl-matrix-3.4.3.tgz",
			"integrity": "sha512-wcCp8vu8FT22BnvKVPjXa/ICBWRq/zjFfdofZy1WSpQZpphblv12/bOQLBC1rMM7SGOFS9ltVmKOHil5+Ml7gA=="
		},
		"promise-polyfill": {
			"version": "8.2.0",
			"resolved": "https://registry.npmjs.org/promise-polyfill/-/promise-polyfill-8.2.0.tgz",
			"integrity": "sha512-k/TC0mIcPVF6yHhUvwAp7cvL6I2fFV7TzF1DuGPI8mBh4QQazf36xCKEHKTZKRysEoTQoQdKyP25J8MPJp7j5g=="
		},
		"tslib": {
			"version": "2.3.1",
			"resolved": "https://registry.npmjs.org/tslib/-/tslib-2.3.1.tgz",
			"integrity": "sha512-77EbyPPpMz+FRFRuAFlWMtmgUWGe9UOG2Z25NqCwiIjRhOf5iKGuzSe5P2w1laq+FkRy4p+PCuVkJSGkzTEKVw==",
			"dev": true
		}
	}
}
